
Microsoft Visual Studio Solution File, Format Version 11.00
# Visual Studio 2010
Project("{FAE04EC0-301F-11D3-BF4B-00C04F79EFBC}") = "Assembly-CSharp", "Assembly-CSharp.csproj", "{AE3F1FCA-A917-7EC1-395D-0EE4DF8725DB}"
EndProject
Global
	GlobalSection(SolutionConfigurationPlatforms) = preSolution
		Debug|Any CPU = Debug|Any CPU
		Release|Any CPU = Release|Any CPU
	EndGlobalSection
	GlobalSection(ProjectConfigurationPlatforms) = postSolution
		{AE3F1FCA-A917-7EC1-395D-0EE4DF8725DB}.Debug|Any CPU.ActiveCfg = Debug|Any CPU
		{AE3F1FCA-A917-7EC1-395D-0EE4DF8725DB}.Debug|Any CPU.Build.0 = Debug|Any CPU
		{AE3F1FCA-A917-7EC1-395D-0EE4DF8725DB}.Release|Any CPU.ActiveCfg = Release|Any CPU
		{AE3F1FCA-A917-7EC1-395D-0EE4DF8725DB}.Release|Any CPU.Build.0 = Release|Any CPU
	EndGlobalSection
	GlobalSection(SolutionProperties) = preSolution
		HideSolutionNode = FALSE
	EndGlobalSection
	GlobalSection(MonoDevelopProperties) = preSolution
		StartupItem = Assembly-CSharp.csproj
	EndGlobalSection
EndGlobal
